// !$*UTF8*$!
{
	archiveVersion = 1;
	classes = {
	};
	objectVersion = 46;
	objects = {

/* Begin PBXBuildFile section */
		1304FC551A2BC9B100996646 /* LionCub.swift in Sources */ = {isa = PBXBuildFile; fileRef = 1304FC541A2BC9B100996646 /* LionCub.swift */; };
		1377CFAF1A253B8E002FF613 /* Lion.swift in Sources */ = {isa = PBXBuildFile; fileRef = 1377CFAE1A253B8E002FF613 /* Lion.swift */; };
		138CE5D61A05FF030028852B /* AppDelegate.swift in Sources */ = {isa = PBXBuildFile; fileRef = 138CE5D51A05FF030028852B /* AppDelegate.swift */; };
		138CE5D81A05FF030028852B /* ViewController.swift in Sources */ = {isa = PBXBuildFile; fileRef = 138CE5D71A05FF030028852B /* ViewController.swift */; };
		138CE5DB1A05FF030028852B /* Main.storyboard in Resources */ = {isa = PBXBuildFile; fileRef = 138CE5D91A05FF030028852B /* Main.storyboard */; };
		138CE5DD1A05FF030028852B /* Images.xcassets in Resources */ = {isa = PBXBuildFile; fileRef = 138CE5DC1A05FF030028852B /* Images.xcassets */; };
		138CE5E01A05FF030028852B /* LaunchScreen.xib in Resources */ = {isa = PBXBuildFile; fileRef = 138CE5DE1A05FF030028852B /* LaunchScreen.xib */; };
		138CE5EC1A05FF030028852B /* LionsAndTigersTests.swift in Sources */ = {isa = PBXBuildFile; fileRef = 138CE5EB1A05FF030028852B /* LionsAndTigersTests.swift */; };
		13E420D91A060F430089BFD4 /* Tiger.swift in Sources */ = {isa = PBXBuildFile; fileRef = 13E420D81A060F430089BFD4 /* Tiger.swift */; };
		13E420F31A0612010089BFD4 /* BengalTiger.jpg in Resources */ = {isa = PBXBuildFile; fileRef = 13E420EB1A0612010089BFD4 /* BengalTiger.jpg */; };
		13E420F41A0612010089BFD4 /* IndochineseTiger.jpg in Resources */ = {isa = PBXBuildFile; fileRef = 13E420EC1A0612010089BFD4 /* IndochineseTiger.jpg */; };
		13E420F51A0612010089BFD4 /* Lion.jpg in Resources */ = {isa = PBXBuildFile; fileRef = 13E420ED1A0612010089BFD4 /* Lion.jpg */; };
		13E420F61A0612010089BFD4 /* LionCub1.jpg in Resources */ = {isa = PBXBuildFile; fileRef = 13E420EE1A0612010089BFD4 /* LionCub1.jpg */; };
		13E420F71A0612010089BFD4 /* LionCub2.jpeg in Resources */ = {isa = PBXBuildFile; fileRef = 13E420EF1A0612010089BFD4 /* LionCub2.jpeg */; };
		13E420F81A0612010089BFD4 /* Lioness.jpeg in Resources */ = {isa = PBXBuildFile; fileRef = 13E420F01A0612010089BFD4 /* Lioness.jpeg */; };
		13E420F91A0612010089BFD4 /* MalayanTiger.jpg in Resources */ = {isa = PBXBuildFile; fileRef = 13E420F11A0612010089BFD4 /* MalayanTiger.jpg */; };
		13E420FA1A0612010089BFD4 /* SiberianTiger.jpg in Resources */ = {isa = PBXBuildFile; fileRef = 13E420F21A0612010089BFD4 /* SiberianTiger.jpg */; };
/* End PBXBuildFile section */

/* Begin PBXContainerItemProxy section */
		138CE5E61A05FF030028852B /* PBXContainerItemProxy */ = {
			isa = PBXContainerItemProxy;
			containerPortal = 138CE5C81A05FF030028852B /* Project object */;
			proxyType = 1;
			remoteGlobalIDString = 138CE5CF1A05FF030028852B;
			remoteInfo = LionsAndTigers;
		};
/* End PBXContainerItemProxy section */

/* Begin PBXFileReference section */
		1304FC541A2BC9B100996646 /* LionCub.swift */ = {isa = PBXFileReference; fileEncoding = 4; lastKnownFileType = sourcecode.swift; path = LionCub.swift; sourceTree = "<group>"; };
		1377CFAE1A253B8E002FF613 /* Lion.swift */ = {isa = PBXFileReference; fileEncoding = 4; lastKnownFileType = sourcecode.swift; path = Lion.swift; sourceTree = "<group>"; };
		138CE5D01A05FF030028852B /* LionsAndTigers.app */ = {isa = PBXFileReference; explicitFileType = wrapper.application; includeInIndex = 0; path = LionsAndTigers.app; sourceTree = BUILT_PRODUCTS_DIR; };
		138CE5D41A05FF030028852B /* Info.plist */ = {isa = PBXFileReference; lastKnownFileType = text.plist.xml; path = Info.plist; sourceTree = "<group>"; };
		138CE5D51A05FF030028852B /* AppDelegate.swift */ = {isa = PBXFileReference; lastKnownFileType = sourcecode.swift; path = AppDelegate.swift; sourceTree = "<group>"; };
		138CE5D71A05FF030028852B /* ViewController.swift */ = {isa = PBXFileReference; lastKnownFileType = sourcecode.swift; path = ViewController.swift; sourceTree = "<group>"; };
		138CE5DA1A05FF030028852B /* Base */ = {isa = PBXFileReference; lastKnownFileType = file.storyboard; name = Base; path = Base.lproj/Main.storyboard; sourceTree = "<group>"; };
		138CE5DC1A05FF030028852B /* Images.xcassets */ = {isa = PBXFileReference; lastKnownFileType = folder.assetcatalog; path = Images.xcassets; sourceTree = "<group>"; };
		138CE5DF1A05FF030028852B /* Base */ = {isa = PBXFileReference; lastKnownFileType = file.xib; name = Base; path = Base.lproj/LaunchScreen.xib; sourceTree = "<group>"; };
		138CE5E51A05FF030028852B /* LionsAndTigersTests.xctest */ = {isa = PBXFileReference; explicitFileType = wrapper.cfbundle; includeInIndex = 0; path = LionsAndTigersTests.xctest; sourceTree = BUILT_PRODUCTS_DIR; };
		138CE5EA1A05FF030028852B /* Info.plist */ = {isa = PBXFileReference; lastKnownFileType = text.plist.xml; path = Info.plist; sourceTree = "<group>"; };
		138CE5EB1A05FF030028852B /* LionsAndTigersTests.swift */ = {isa = PBXFileReference; lastKnownFileType = sourcecode.swift; path = LionsAndTigersTests.swift; sourceTree = "<group>"; };
		13E420D81A060F430089BFD4 /* Tiger.swift */ = {isa = PBXFileReference; fileEncoding = 4; lastKnownFileType = sourcecode.swift; path = Tiger.swift; sourceTree = "<group>"; };
		13E420EB1A0612010089BFD4 /* BengalTiger.jpg */ = {isa = PBXFileReference; lastKnownFileType = image.jpeg; path = BengalTiger.jpg; sourceTree = "<group>"; };
		13E420EC1A0612010089BFD4 /* IndochineseTiger.jpg */ = {isa = PBXFileReference; lastKnownFileType = image.jpeg; path = IndochineseTiger.jpg; sourceTree = "<group>"; };
		13E420ED1A0612010089BFD4 /* Lion.jpg */ = {isa = PBXFileReference; lastKnownFileType = image.jpeg; path = Lion.jpg; sourceTree = "<group>"; };
		13E420EE1A0612010089BFD4 /* LionCub1.jpg */ = {isa = PBXFileReference; lastKnownFileType = image.jpeg; path = LionCub1.jpg; sourceTree = "<group>"; };
		13E420EF1A0612010089BFD4 /* LionCub2.jpeg */ = {isa = PBXFileReference; lastKnownFileType = image.jpeg; path = LionCub2.jpeg; sourceTree = "<group>"; };
		13E420F01A0612010089BFD4 /* Lioness.jpeg */ = {isa = PBXFileReference; lastKnownFileType = image.jpeg; path = Lioness.jpeg; sourceTree = "<group>"; };
		13E420F11A0612010089BFD4 /* MalayanTiger.jpg */ = {isa = PBXFileReference; lastKnownFileType = image.jpeg; path = MalayanTiger.jpg; sourceTree = "<group>"; };
		13E420F21A0612010089BFD4 /* SiberianTiger.jpg */ = {isa = PBXFileReference; lastKnownFileType = image.jpeg; path = SiberianTiger.jpg; sourceTree = "<group>"; };
/* End PBXFileReference section */

/* Begin PBXFrameworksBuildPhase section */
		138CE5CD1A05FF030028852B /* Frameworks */ = {
			isa = PBXFrameworksBuildPhase;
			buildActionMask = 2147483647;
			files = (
			);
			runOnlyForDeploymentPostprocessing = 0;
		};
		138CE5E21A05FF030028852B /* Frameworks */ = {
			isa = PBXFrameworksBuildPhase;
			buildActionMask = 2147483647;
			files = (
			);
			runOnlyForDeploymentPostprocessing = 0;
		};
/* End PBXFrameworksBuildPhase section */

/* Begin PBXGroup section */
		138CE5C71A05FF030028852B = {
			isa = PBXGroup;
			children = (
				138CE5D21A05FF030028852B /* LionsAndTigers */,
				138CE5E81A05FF030028852B /* LionsAndTigersTests */,
				138CE5D11A05FF030028852B /* Products */,
			);
			sourceTree = "<group>";
		};
		138CE5D11A05FF030028852B /* Products */ = {
			isa = PBXGroup;
			children = (
				138CE5D01A05FF030028852B /* LionsAndTigers.app */,
				138CE5E51A05FF030028852B /* LionsAndTigersTests.xctest */,
			);
			name = Products;
			sourceTree = "<group>";
		};
		138CE5D21A05FF030028852B /* LionsAndTigers */ = {
			isa = PBXGroup;
			children = (
				138CE5D51A05FF030028852B /* AppDelegate.swift */,
				138CE5D71A05FF030028852B /* ViewController.swift */,
				1304FC541A2BC9B100996646 /* LionCub.swift */,
				13E420D81A060F430089BFD4 /* Tiger.swift */,
				1377CFAE1A253B8E002FF613 /* Lion.swift */,
				138CE5D91A05FF030028852B /* Main.storyboard */,
				138CE5DC1A05FF030028852B /* Images.xcassets */,
				138CE5DE1A05FF030028852B /* LaunchScreen.xib */,
				138CE5D31A05FF030028852B /* Supporting Files */,
			);
			path = LionsAndTigers;
			sourceTree = "<group>";
		};
		138CE5D31A05FF030028852B /* Supporting Files */ = {
			isa = PBXGroup;
			children = (
				13E420EA1A0612010089BFD4 /* LionsAndTigersAssets */,
				138CE5D41A05FF030028852B /* Info.plist */,
			);
			name = "Supporting Files";
			sourceTree = "<group>";
		};
		138CE5E81A05FF030028852B /* LionsAndTigersTests */ = {
			isa = PBXGroup;
			children = (
				138CE5EB1A05FF030028852B /* LionsAndTigersTests.swift */,
				138CE5E91A05FF030028852B /* Supporting Files */,
			);
			path = LionsAndTigersTests;
			sourceTree = "<group>";
		};
		138CE5E91A05FF030028852B /* Supporting Files */ = {
			isa = PBXGroup;
			children = (
				138CE5EA1A05FF030028852B /* Info.plist */,
			);
			name = "Supporting Files";
			sourceTree = "<group>";
		};
		13E420EA1A0612010089BFD4 /* LionsAndTigersAssets */ = {
			isa = PBXGroup;
			children = (
				13E420EB1A0612010089BFD4 /* BengalTiger.jpg */,
				13E420EC1A0612010089BFD4 /* IndochineseTiger.jpg */,
				13E420ED1A0612010089BFD4 /* Lion.jpg */,
				13E420EE1A0612010089BFD4 /* LionCub1.jpg */,
				13E420EF1A0612010089BFD4 /* LionCub2.jpeg */,
				13E420F01A0612010089BFD4 /* Lioness.jpeg */,
				13E420F11A0612010089BFD4 /* MalayanTiger.jpg */,
				13E420F21A0612010089BFD4 /* SiberianTiger.jpg */,
			);
			path = LionsAndTigersAssets;
			sourceTree = "<group>";
		};
/* End PBXGroup section */

/* Begin PBXNativeTarget section */
		138CE5CF1A05FF030028852B /* LionsAndTigers */ = {
			isa = PBXNativeTarget;
			buildConfigurationList = 138CE5EF1A05FF030028852B /* Build configuration list for PBXNativeTarget "LionsAndTigers" */;
			buildPhases = (
				138CE5CC1A05FF030028852B /* Sources */,
				138CE5CD1A05FF030028852B /* Frameworks */,
				138CE5CE1A05FF030028852B /* Resources */,
			);
			buildRules = (
			);
			dependencies = (
			);
			name = LionsAndTigers;
			productName = LionsAndTigers;
			productReference = 138CE5D01A05FF030028852B /* LionsAndTigers.app */;
			productType = "com.apple.product-type.application";
		};
		138CE5E41A05FF030028852B /* LionsAndTigersTests */ = {
			isa = PBXNativeTarget;
			buildConfigurationList = 138CE5F21A05FF030028852B /* Build configuration list for PBXNativeTarget "LionsAndTigersTests" */;
			buildPhases = (
				138CE5E11A05FF030028852B /* Sources */,
				138CE5E21A05FF030028852B /* Frameworks */,
				138CE5E31A05FF030028852B /* Resources */,
			);
			buildRules = (
			);
			dependencies = (
				138CE5E71A05FF030028852B /* PBXTargetDependency */,
			);
			name = LionsAndTigersTests;
			productName = LionsAndTigersTests;
			productReference = 138CE5E51A05FF030028852B /* LionsAndTigersTests.xctest */;
			productType = "com.apple.product-type.bundle.unit-test";
		};
/* End PBXNativeTarget section */

/* Begin PBXProject section */
		138CE5C81A05FF030028852B /* Project object */ = {
			isa = PBXProject;
			attributes = {
				LastUpgradeCheck = 0610;
				ORGANIZATIONNAME = self.edu.swift;
				TargetAttributes = {
					138CE5CF1A05FF030028852B = {
						CreatedOnToolsVersion = 6.1;
					};
					138CE5E41A05FF030028852B = {
						CreatedOnToolsVersion = 6.1;
						TestTargetID = 138CE5CF1A05FF030028852B;
					};
				};
			};
			buildConfigurationList = 138CE5CB1A05FF030028852B /* Build configuration list for PBXProject "LionsAndTigers" */;
			compatibilityVersion = "Xcode 3.2";
			developmentRegion = English;
			hasScannedForEncodings = 0;
			knownRegions = (
				en,
				Base,
			);
			mainGroup = 138CE5C71A05FF030028852B;
			productRefGroup = 138CE5D11A05FF030028852B /* Products */;
			projectDirPath = "";
			projectRoot = "";
			targets = (
				138CE5CF1A05FF030028852B /* LionsAndTigers */,
				138CE5E41A05FF030028852B /* LionsAndTigersTests */,
			);
		};
/* End PBXProject section */

/* Begin PBXResourcesBuildPhase section */
		138CE5CE1A05FF030028852B /* Resources */ = {
			isa = PBXResourcesBuildPhase;
			buildActionMask = 2147483647;
			files = (
				13E420F41A0612010089BFD4 /* IndochineseTiger.jpg in Resources */,
				138CE5DB1A05FF030028852B /* Main.storyboard in Resources */,
				138CE5E01A05FF030028852B /* LaunchScreen.xib in Resources */,
				13E420F81A0612010089BFD4 /* Lioness.jpeg in Resources */,
				13E420F61A0612010089BFD4 /* LionCub1.jpg in Resources */,
				13E420F91A0612010089BFD4 /* MalayanTiger.jpg in Resources */,
				13E420FA1A0612010089BFD4 /* SiberianTiger.jpg in Resources */,
				13E420F31A0612010089BFD4 /* BengalTiger.jpg in Resources */,
				138CE5DD1A05FF030028852B /* Images.xcassets in Resources */,
				13E420F51A0612010089BFD4 /* Lion.jpg in Resources */,
				13E420F71A0612010089BFD4 /* LionCub2.jpeg in Resources */,
			);
			runOnlyForDeploymentPostprocessing = 0;
		};
		138CE5E31A05FF030028852B /* Resources */ = {
			isa = PBXResourcesBuildPhase;
			buildActionMask = 2147483647;
			files = (
			);
			runOnlyForDeploymentPostprocessing = 0;
		};
/* End PBXResourcesBuildPhase section */

/* Begin PBXSourcesBuildPhase section */
		138CE5CC1A05FF030028852B /* Sources */ = {
			isa = PBXSourcesBuildPhase;
			buildActionMask = 2147483647;
			files = (
				138CE5D81A05FF030028852B /* ViewController.swift in Sources */,
				13E420D91A060F430089BFD4 /* Tiger.swift in Sources */,
				138CE5D61A05FF030028852B /* AppDelegate.swift in Sources */,
				1304FC551A2BC9B100996646 /* LionCub.swift in Sources */,
				1377CFAF1A253B8E002FF613 /* Lion.swift in Sources */,
			);
			runOnlyForDeploymentPostprocessing = 0;
		};
		138CE5E11A05FF030028852B /* Sources */ = {
			isa = PBXSourcesBuildPhase;
			buildActionMask = 2147483647;
			files = (
				138CE5EC1A05FF030028852B /* LionsAndTigersTests.swift in Sources */,
			);
			runOnlyForDeploymentPostprocessing = 0;
		};
/* End PBXSourcesBuildPhase section */

/* Begin PBXTargetDependency section */
		138CE5E71A05FF030028852B /* PBXTargetDependency */ = {
			isa = PBXTargetDependency;
			target = 138CE5CF1A05FF030028852B /* LionsAndTigers */;
			targetProxy = 138CE5E61A05FF030028852B /* PBXContainerItemProxy */;
		};
/* End PBXTargetDependency section */

/* Begin PBXVariantGroup section */
		138CE5D91A05FF030028852B /* Main.storyboard */ = {
			isa = PBXVariantGroup;
			children = (
				138CE5DA1A05FF030028852B /* Base */,
			);
			name = Main.storyboard;
			sourceTree = "<group>";
		};
		138CE5DE1A05FF030028852B /* LaunchScreen.xib */ = {
			isa = PBXVariantGroup;
			children = (
				138CE5DF1A05FF030028852B /* Base */,
			);
			name = LaunchScreen.xib;
			sourceTree = "<group>";
		};
/* End PBXVariantGroup section */

/* Begin XCBuildConfiguration section */
		138CE5ED1A05FF030028852B /* Debug */ = {
			isa = XCBuildConfiguration;
			buildSettings = {
				ALWAYS_SEARCH_USER_PATHS = NO;
				CLANG_CXX_LANGUAGE_STANDARD = "gnu++0x";
				CLANG_CXX_LIBRARY = "libc++";
				CLANG_ENABLE_MODULES = YES;
				CLANG_ENABLE_OBJC_ARC = YES;
				CLANG_WARN_BOOL_CONVERSION = YES;
				CLANG_WARN_CONSTANT_CONVERSION = YES;
				CLANG_WARN_DIRECT_OBJC_ISA_USAGE = YES_ERROR;
				CLANG_WARN_EMPTY_BODY = YES;
				CLANG_WARN_ENUM_CONVERSION = YES;
				CLANG_WARN_INT_CONVERSION = YES;
				CLANG_WARN_OBJC_ROOT_CLASS = YES_ERROR;
				CLANG_WARN_UNREACHABLE_CODE = YES;
				CLANG_WARN__DUPLICATE_METHOD_MATCH = YES;
				"CODE_SIGN_IDENTITY[sdk=iphoneos*]" = "iPhone Developer";
				COPY_PHASE_STRIP = NO;
				ENABLE_STRICT_OBJC_MSGSEND = YES;
				GCC_C_LANGUAGE_STANDARD = gnu99;
				GCC_DYNAMIC_NO_PIC = NO;
				GCC_OPTIMIZATION_LEVEL = 0;
				GCC_PREPROCESSOR_DEFINITIONS = (
					"DEBUG=1",
					"$(inherited)",
				);
				GCC_SYMBOLS_PRIVATE_EXTERN = NO;
				GCC_WARN_64_TO_32_BIT_CONVERSION = YES;
				GCC_WARN_ABOUT_RETURN_TYPE = YES_ERROR;
				GCC_WARN_UNDECLARED_SELECTOR = YES;
				GCC_WARN_UNINITIALIZED_AUTOS = YES_AGGRESSIVE;
				GCC_WARN_UNUSED_FUNCTION = YES;
				GCC_WARN_UNUSED_VARIABLE = YES;
				IPHONEOS_DEPLOYMENT_TARGET = 8.1;
				MTL_ENABLE_DEBUG_INFO = YES;
				ONLY_ACTIVE_ARCH = YES;
				SDKROOT = iphoneos;
				SWIFT_OPTIMIZATION_LEVEL = "-Onone";
				TARGETED_DEVICE_FAMILY = "1,2";
			};
			name = Debug;
		};
		138CE5EE1A05FF030028852B /* Release */ = {
			isa = XCBuildConfiguration;
			buildSettings = {
				ALWAYS_SEARCH_USER_PATHS = NO;
				CLANG_CXX_LANGUAGE_STANDARD = "gnu++0x";
				CLANG_CXX_LIBRARY = "libc++";
				CLANG_ENABLE_MODULES = YES;
				CLANG_ENABLE_OBJC_ARC = YES;
				CLANG_WARN_BOOL_CONVERSION = YES;
				CLANG_WARN_CONSTANT_CONVERSION = YES;
				CLANG_WARN_DIRECT_OBJC_ISA_USAGE = YES_ERROR;
				CLANG_WARN_EMPTY_BODY = YES;
				CLANG_WARN_ENUM_CONVERSION = YES;
				CLANG_WARN_INT_CONVERSION = YES;
				CLANG_WARN_OBJC_ROOT_CLASS = YES_ERROR;
				CLANG_WARN_UNREACHABLE_CODE = YES;
				CLANG_WARN__DUPLICATE_METHOD_MATCH = YES;
				"CODE_SIGN_IDENTITY[sdk=iphoneos*]" = "iPhone Developer";
				COPY_PHASE_STRIP = YES;
				ENABLE_NS_ASSERTIONS = NO;
				ENABLE_STRICT_OBJC_MSGSEND = YES;
				GCC_C_LANGUAGE_STANDARD = gnu99;
				GCC_WARN_64_TO_32_BIT_CONVERSION = YES;
				GCC_WARN_ABOUT_RETURN_TYPE = YES_ERROR;
				GCC_WARN_UNDECLARED_SELECTOR = YES;
				GCC_WARN_UNINITIALIZED_AUTOS = YES_AGGRESSIVE;
				GCC_WARN_UNUSED_FUNCTION = YES;
				GCC_WARN_UNUSED_VARIABLE = YES;
				IPHONEOS_DEPLOYMENT_TARGET = 8.1;
				MTL_ENABLE_DEBUG_INFO = NO;
				SDKROOT = iphoneos;
				TARGETED_DEVICE_FAMILY = "1,2";
				VALIDATE_PRODUCT = YES;
			};
			name = Release;
		};
		138CE5F01A05FF030028852B /* Debug */ = {
			isa = XCBuildConfiguration;
			buildSettings = {
				ASSETCATALOG_COMPILER_APPICON_NAME = AppIcon;
				INFOPLIST_FILE = LionsAndTigers/Info.plist;
				LD_RUNPATH_SEARCH_PATHS = "$(inherited) @executable_path/Frameworks";
				PRODUCT_NAME = "$(TARGET_NAME)";
			};
			name = Debug;
		};
		138CE5F11A05FF030028852B /* Release */ = {
			isa = XCBuildConfiguration;
			buildSettings = {
				ASSETCATALOG_COMPILER_APPICON_NAME = AppIcon;
				INFOPLIST_FILE = LionsAndTigers/Info.plist;
				LD_RUNPATH_SEARCH_PATHS = "$(inherited) @executable_path/Frameworks";
				PRODUCT_NAME = "$(TARGET_NAME)";
			};
			name = Release;
		};
		138CE5F31A05FF030028852B /* Debug */ = {
			isa = XCBuildConfiguration;
			buildSettings = {
				BUNDLE_LOADER = "$(TEST_HOST)";
				FRAMEWORK_SEARCH_PATHS = (
					"$(SDKROOT)/Developer/Library/Frameworks",
					"$(inherited)",
				);
				GCC_PREPROCESSOR_DEFINITIONS = (
					"DEBUG=1",
					"$(inherited)",
				);
				INFOPLIST_FILE = LionsAndTigersTests/Info.plist;
				LD_RUNPATH_SEARCH_PATHS = "$(inherited) @executable_path/Frameworks @loader_path/Frameworks";
				PRODUCT_NAME = "$(TARGET_NAME)";
				TEST_HOST = "$(BUILT_PRODUCTS_DIR)/LionsAndTigers.app/LionsAndTigers";
			};
			name = Debug;
		};
		138CE5F41A05FF030028852B /* Release */ = {
			isa = XCBuildConfiguration;
			buildSettings = {
				BUNDLE_LOADER = "$(TEST_HOST)";
				FRAMEWORK_SEARCH_PATHS = (
					"$(SDKROOT)/Developer/Library/Frameworks",
					"$(inherited)",
				);
				INFOPLIST_FILE = LionsAndTigersTests/Info.plist;
				LD_RUNPATH_SEARCH_PATHS = "$(inherited) @executable_path/Frameworks @loader_path/Frameworks";
				PRODUCT_NAME = "$(TARGET_NAME)";
				TEST_HOST = "$(BUILT_PRODUCTS_DIR)/LionsAndTigers.app/LionsAndTigers";
			};
			name = Release;
		};
/* End XCBuildConfiguration section */

/* Begin XCConfigurationList section */
		138CE5CB1A05FF030028852B /* Build configuration list for PBXProject "LionsAndTigers" */ = {
			isa = XCConfigurationList;
			buildConfigurations = (
				138CE5ED1A05FF030028852B /* Debug */,
				138CE5EE1A05FF030028852B /* Release */,
			);
			defaultConfigurationIsVisible = 0;
			defaultConfigurationName = Release;
		};
		138CE5EF1A05FF030028852B /* Build configuration list for PBXNativeTarget "LionsAndTigers" */ = {
			isa = XCConfigurationList;
			buildConfigurations = (
				138CE5F01A05FF030028852B /* Debug */,
				138CE5F11A05FF030028852B /* Release */,
			);
			defaultConfigurationIsVisible = 0;
			defaultConfigurationName = Release;
		};
		138CE5F21A05FF030028852B /* Build configuration list for PBXNativeTarget "LionsAndTigersTests" */ = {
			isa = XCConfigurationList;
			buildConfigurations = (
				138CE5F31A05FF030028852B /* Debug */,
				138CE5F41A05FF030028852B /* Release */,
			);
			defaultConfigurationIsVisible = 0;
			defaultConfigurationName = Release;
		};
/* End XCConfigurationList section */
	};
	rootObject = 138CE5C81A05FF030028852B /* Project object */;
}
